
Microsoft Visual Studio Solution File, Format Version 12.00
# Visual Studio Version 17
VisualStudioVersion = 17.6.33829.357
MinimumVisualStudioVersion = 10.0.40219.1
Project("{FAE04EC0-301F-11D3-BF4B-00C04F79EFBC}") = "SAE_201_BEAUNE", "SAE_201_BEAUNE\SAE_201_BEAUNE.csproj", "{7E5CA7CF-1380-47C8-B1BD-C06E3CA2721A}"
EndProject
Global
	GlobalSection(SolutionConfigurationPlatforms) = preSolution
		Debug|Any CPU = Debug|Any CPU
		Release|Any CPU = Release|Any CPU
	EndGlobalSection
	GlobalSection(ProjectConfigurationPlatforms) = postSolution
		{7E5CA7CF-1380-47C8-B1BD-C06E3CA2721A}.Debug|Any CPU.ActiveCfg = Debug|Any CPU
		{7E5CA7CF-1380-47C8-B1BD-C06E3CA2721A}.Debug|Any CPU.Build.0 = Debug|Any CPU
		{7E5CA7CF-1380-47C8-B1BD-C06E3CA2721A}.Release|Any CPU.ActiveCfg = Release|Any CPU
		{7E5CA7CF-1380-47C8-B1BD-C06E3CA2721A}.Release|Any CPU.Build.0 = Release|Any CPU
	EndGlobalSection
	GlobalSection(SolutionProperties) = preSolution
		HideSolutionNode = FALSE
	EndGlobalSection
	GlobalSection(ExtensibilityGlobals) = postSolution
		SolutionGuid = {4EDB56EA-DC25-4CA2-BEDF-792A16687273}
	EndGlobalSection
EndGlobal
